
Microsoft Visual Studio Solution File, Format Version 12.00
# Visual Studio Version 16
VisualStudioVersion = 16.0.30204.135
MinimumVisualStudioVersion = 10.0.40219.1
Project("{FAE04EC0-301F-11D3-BF4B-00C04F79EFBC}") = "specflow-restsharp", "specflow-restsharp.csproj", "{71950BAE-2E65-471C-85D9-5BD4A657713F}"
EndProject
Global
	GlobalSection(SolutionConfigurationPlatforms) = preSolution
		Debug|Any CPU = Debug|Any CPU
		Release|Any CPU = Release|Any CPU
	EndGlobalSection
	GlobalSection(ProjectConfigurationPlatforms) = postSolution
		{71950BAE-2E65-471C-85D9-5BD4A657713F}.Debug|Any CPU.ActiveCfg = Debug|Any CPU
		{71950BAE-2E65-471C-85D9-5BD4A657713F}.Debug|Any CPU.Build.0 = Debug|Any CPU
		{71950BAE-2E65-471C-85D9-5BD4A657713F}.Release|Any CPU.ActiveCfg = Release|Any CPU
		{71950BAE-2E65-471C-85D9-5BD4A657713F}.Release|Any CPU.Build.0 = Release|Any CPU
	EndGlobalSection
	GlobalSection(SolutionProperties) = preSolution
		HideSolutionNode = FALSE
	EndGlobalSection
	GlobalSection(ExtensibilityGlobals) = postSolution
		SolutionGuid = {DA530779-94EF-458D-940D-3AE277005E01}
	EndGlobalSection
EndGlobal
